
Microsoft Visual Studio Solution File, Format Version 12.00
# Visual Studio 15
VisualStudioVersion = 15.0.27703.2042
MinimumVisualStudioVersion = 10.0.40219.1
Project("{FAE04EC0-301F-11D3-BF4B-00C04F79EFBC}") = "MySQL Manager", "MySQL Manager\MySQL Manager.csproj", "{3C89CE52-EF24-424A-A3C7-89DEBBE0DAAD}"
EndProject
Project("{FAE04EC0-301F-11D3-BF4B-00C04F79EFBC}") = "StringyCode", "StringyCode\StringyCode.csproj", "{06A51A87-DF4A-4402-9A9A-9BF96673EF4E}"
EndProject
Global
	GlobalSection(SolutionConfigurationPlatforms) = preSolution
		Debug|Any CPU = Debug|Any CPU
		Release|Any CPU = Release|Any CPU
	EndGlobalSection
	GlobalSection(ProjectConfigurationPlatforms) = postSolution
		{3C89CE52-EF24-424A-A3C7-89DEBBE0DAAD}.Debug|Any CPU.ActiveCfg = Debug|Any CPU
		{3C89CE52-EF24-424A-A3C7-89DEBBE0DAAD}.Debug|Any CPU.Build.0 = Debug|Any CPU
		{3C89CE52-EF24-424A-A3C7-89DEBBE0DAAD}.Release|Any CPU.ActiveCfg = Release|Any CPU
		{3C89CE52-EF24-424A-A3C7-89DEBBE0DAAD}.Release|Any CPU.Build.0 = Release|Any CPU
		{06A51A87-DF4A-4402-9A9A-9BF96673EF4E}.Debug|Any CPU.ActiveCfg = Debug|Any CPU
		{06A51A87-DF4A-4402-9A9A-9BF96673EF4E}.Debug|Any CPU.Build.0 = Debug|Any CPU
		{06A51A87-DF4A-4402-9A9A-9BF96673EF4E}.Release|Any CPU.ActiveCfg = Release|Any CPU
		{06A51A87-DF4A-4402-9A9A-9BF96673EF4E}.Release|Any CPU.Build.0 = Release|Any CPU
	EndGlobalSection
	GlobalSection(SolutionProperties) = preSolution
		HideSolutionNode = FALSE
	EndGlobalSection
	GlobalSection(ExtensibilityGlobals) = postSolution
		SolutionGuid = {B84D4663-D7C6-4FA0-AA19-F37E6A65FEA3}
	EndGlobalSection
EndGlobal
